
Microsoft Visual Studio Solution File, Format Version 12.00
# Visual Studio Version 17
VisualStudioVersion = 17.0.31903.59
MinimumVisualStudioVersion = 10.0.40219.1
Project("{FAE04EC0-301F-11D3-BF4B-00C04F79EFBC}") = "ExamPlatformBE", "ExamPlatformBE\ExamPlatformBE.csproj", "{57D75C1D-8482-4E50-9382-426849AA82FF}"
EndProject
Global
	GlobalSection(SolutionConfigurationPlatforms) = preSolution
		Debug|Any CPU = Debug|Any CPU
		Release|Any CPU = Release|Any CPU
	EndGlobalSection
	GlobalSection(SolutionProperties) = preSolution
		HideSolutionNode = FALSE
	EndGlobalSection
	GlobalSection(ProjectConfigurationPlatforms) = postSolution
		{57D75C1D-8482-4E50-9382-426849AA82FF}.Debug|Any CPU.ActiveCfg = Debug|Any CPU
		{57D75C1D-8482-4E50-9382-426849AA82FF}.Debug|Any CPU.Build.0 = Debug|Any CPU
		{57D75C1D-8482-4E50-9382-426849AA82FF}.Release|Any CPU.ActiveCfg = Release|Any CPU
		{57D75C1D-8482-4E50-9382-426849AA82FF}.Release|Any CPU.Build.0 = Release|Any CPU
	EndGlobalSection
EndGlobal
